{
  "version": 1,
  "dependencies": {
    "net8.0-windows10.0.26100": {
      "CommunityToolkit.Mvvm": {
        "type": "Direct",
        "requested": "[8.4.0, )",
        "resolved": "8.4.0",
        "contentHash": "tqVU8yc/ADO9oiTRyTnwhFN68hCwvkliMierptWOudIAvWY1mWCh5VFh+guwHJmpMwfg0J0rY+yyd5Oy7ty9Uw=="
      },
      "CommunityToolkit.WinUI.Controls.SettingsControls": {
        "type": "Direct",
        "requested": "[8.2.251219, )",
        "resolved": "8.2.251219",
        "contentHash": "BAuRi34AOBCYXK/obT9Fwzt9KtxhPrO67yNINXF6+Dit4sAiwtVgehN9y/dJHco96/zZiTX3yF85mBjRyw6AXQ==",
        "dependencies": {
          "CommunityToolkit.WinUI.Triggers": "8.2.251219",
          "Microsoft.WindowsAppSDK": "1.6.250108002"
        }
      },
      "Microsoft.Windows.SDK.BuildTools": {
        "type": "Direct",
        "requested": "[10.0.26100.8249, )",
        "resolved": "10.0.26100.8249",
        "contentHash": "WJ+X+fVbBcZFc5q1MufkqBNjeMqWUblbG6PmijNG0tMVt+VXdE5cdaD30dbZ90RwUTidbjxv/tmgovl5czLlrg=="
      },
      "Microsoft.WindowsAppSDK": {
        "type": "Direct",
        "requested": "[1.8.260804001, )",
        "resolved": "1.8.260804001",
        "contentHash": "99gbTFsdLfyve/k3BW7EUaW9sxbX4dbDyE91gkzYy/z32qYhvODvPwwB+MPrW2qvdC1RgLJMPQYjSgGgXaxGEA==",
        "dependencies": {
          "Microsoft.WindowsAppSDK.AI": "[1.8.79]",
          "Microsoft.WindowsAppSDK.Base": "[1.8.251216001]",
          "Microsoft.WindowsAppSDK.DWrite": "[1.8.25122902]",
          "Microsoft.WindowsAppSDK.Foundation": "[1.8.260803002]",
          "Microsoft.WindowsAppSDK.InteractiveExperiences": "[1.8.260708001]",
          "Microsoft.WindowsAppSDK.ML": "[1.8.2197]",
          "Microsoft.WindowsAppSDK.Runtime": "[1.8.260804001]",
          "Microsoft.WindowsAppSDK.Widgets": "[1.8.251231004]",
          "Microsoft.WindowsAppSDK.WinUI": "[1.8.260803003]"
        }
      },
      "System.Security.Permissions": {
        "type": "Direct",
        "requested": "[8.0.0, )",
        "resolved": "8.0.0",
        "contentHash": "v/BBylw7XevuAsHXoX9dDUUfmBIcUf7Lkz8K3ZXIKz3YRKpw8YftpSir4n4e/jDTKFoaK37AsC3xnk+GNFI1Ow==",
        "dependencies": {
          "System.Windows.Extensions": "8.0.0"
        }
      },
      "CommunityToolkit.Common": {
        "type": "Transitive",
        "resolved": "8.2.1",
        "contentHash": "LWuhy8cQKJ/MYcy3XafJ916U3gPH/YDvYoNGWyQWN11aiEKCZszzPOTJAOvBjP9yG8vHmIcCyPUt4L82OK47Iw=="
      },
      "CommunityToolkit.WinUI.Extensions": {
        "type": "Transitive",
        "resolved": "8.2.251219",
        "contentHash": "7ydxHF7jRl889qymGihhng4Yy5hFCxTxw+iKFM4XBo27bBAJxzr45Iu7GIZrydY5lhEgsG+xE4ZCA6HccNFxNA==",
        "dependencies": {
          "CommunityToolkit.Common": "8.2.1",
          "Microsoft.WindowsAppSDK": "1.6.250108002"
        }
      },
      "CommunityToolkit.WinUI.Helpers": {
        "type": "Transitive",
        "resolved": "8.2.251219",
        "contentHash": "Ksyd6yoItNnZSae3901n04pwM81h34kHPrR+pGYd5OxBAR7NVksFJBi1r2xcJV1Rg/bg+40blHJsZk85KgF/cw==",
        "dependencies": {
          "CommunityToolkit.WinUI.Extensions": "8.2.251219",
          "Microsoft.WindowsAppSDK": "1.6.250108002"
        }
      },
      "CommunityToolkit.WinUI.Triggers": {
        "type": "Transitive",
        "resolved": "8.2.251219",
        "contentHash": "E1D5jZ93hI2VkDJjHFvVPdwWBYG7gubx/zw9mS3aOL60rhroGuy9Jq/WqzL+VNaKFzsXZ4CZ0ivjOP7/SLGxIg==",
        "dependencies": {
          "CommunityToolkit.WinUI.Helpers": "8.2.251219",
          "Microsoft.WindowsAppSDK": "1.6.250108002"
        }
      },
      "Microsoft.Web.WebView2": {
        "type": "Transitive",
        "resolved": "1.0.3179.45",
        "contentHash": "3pokSH5CnN0G6rGhGFo1y87inxYhNxBQ2Vdf0wlvBj99KHxQJormjDACmqRnFeUsmuNFIhWwfAL1ztq7wD5qRA=="
      },
      "Microsoft.Windows.SDK.BuildTools.MSIX": {
        "type": "Transitive",
        "resolved": "1.7.20250829.1",
        "contentHash": "IMdvRmCIZnBS5GkYnv0po1bcx6U1OF39pqA4TphQ9evDzpCRoSE19/PkDvlUNNrBavTsLIEJgd/TAIFner75ow=="
      },
      "Microsoft.WindowsAppSDK.AI": {
        "type": "Transitive",
        "resolved": "1.8.79",
        "contentHash": "28lVLUoYd51EFddxC1REA0NmbrUDYaDgWVV/jQ4Dohz2qArRhXpyYCuggfvQW0D29vWzWFdMjQgNI0qP9CwYyw==",
        "dependencies": {
          "Microsoft.WindowsAppSDK.Base": "1.8.251216001",
          "Microsoft.WindowsAppSDK.Foundation": "1.8.260501000"
        }
      },
      "Microsoft.WindowsAppSDK.Base": {
        "type": "Transitive",
        "resolved": "1.8.251216001",
        "contentHash": "PS1wriuFknz3W2F2P/e6RvOTM35w89Lsj/f0QmUEPrJjKnc+jM0JLX1vfdytI14y1gNRUTm9uclwP0aH/SVU5w==",
        "dependencies": {
          "Microsoft.Windows.SDK.BuildTools": "10.0.26100.4654",
          "Microsoft.Windows.SDK.BuildTools.MSIX": "1.7.20250829.1"
        }
      },
      "Microsoft.WindowsAppSDK.DWrite": {
        "type": "Transitive",
        "resolved": "1.8.25122902",
        "contentHash": "zFNn07i7Cyz62Y8FnPQAyzeZK7ww3m9t42i9pzy4C04pNbyUDQ4fG7pB6VSh6n4EyFuYtuFQuDzt4mKmXFrkrg==",
        "dependencies": {
          "Microsoft.WindowsAppSDK.Base": "1.8.251216001"
        }
      },
      "Microsoft.WindowsAppSDK.Foundation": {
        "type": "Transitive",
        "resolved": "1.8.260803002",
        "contentHash": "V2Mhddgyljl6jULPGbJ/J/kn6Y4D98Nckpr3Y27uK/CfbSnjcGTC6M+3aMJkyjNwoekyGAwEIRdBEYJBUCRRfA==",
        "dependencies": {
          "Microsoft.WindowsAppSDK.Base": "1.8.251216001",
          "Microsoft.WindowsAppSDK.InteractiveExperiences": "1.8.260708001"
        }
      },
      "Microsoft.WindowsAppSDK.InteractiveExperiences": {
        "type": "Transitive",
        "resolved": "1.8.260708001",
        "contentHash": "lKvL9ArPGRhzbQwXUg7Spc8dgB7N2NnMoC6BKD9sn0Mzx9FxcJC55rohV9x52eBCfviHzrn5ZtujwORZthsqbA==",
        "dependencies": {
          "Microsoft.WindowsAppSDK.Base": "1.8.251216001"
        }
      },
      "Microsoft.WindowsAppSDK.ML": {
        "type": "Transitive",
        "resolved": "1.8.2197",
        "contentHash": "6Bc1SOLd5HicY3GbF+zr76YBfH4iZOKeEGxTK/lHKAK2ExZTWavOADxB2CKSi/irF4dWSngUdRFopWPmckJ6fA==",
        "dependencies": {
          "Microsoft.WindowsAppSDK.Base": "1.8.251216001",
          "Microsoft.WindowsAppSDK.Foundation": "1.8.260505001",
          "System.Numerics.Tensors": "9.0.0"
        }
      },
      "Microsoft.WindowsAppSDK.Runtime": {
        "type": "Transitive",
        "resolved": "1.8.260804001",
        "contentHash": "LNIpPbPle/f0rbxFDFQY3cUaggcaTMhrOmFZuMynaRyvCKsvQrSqr8pzfhy/hvViGdweu58K7DRirrGfRcNURQ==",
        "dependencies": {
          "Microsoft.WindowsAppSDK.Base": "1.8.251216001"
        }
      },
      "Microsoft.WindowsAppSDK.Widgets": {
        "type": "Transitive",
        "resolved": "1.8.251231004",
        "contentHash": "bIWqQYR8DCoB1SoPOMil5AtgtkTn438wJTdpsHgyO/6o7Eh7PMP5BzrR0KbDsFqy+4LhPWQ4vtwko5k93fECcA==",
        "dependencies": {
          "Microsoft.WindowsAppSDK.Base": "1.8.251216001"
        }
      },
      "Microsoft.WindowsAppSDK.WinUI": {
        "type": "Transitive",
        "resolved": "1.8.260803003",
        "contentHash": "yQFFlQ6IQj4dpDqGvMghRUQMAYlnu+hhf1unvkf4ymtdWDww+UotPi+MPTJyDc7x+xEyBXfXnlXZVk0NG0eMrA==",
        "dependencies": {
          "Microsoft.Web.WebView2": "1.0.3179.45",
          "Microsoft.WindowsAppSDK.Base": "1.8.251216001",
          "Microsoft.WindowsAppSDK.Foundation": "1.8.260803002",
          "Microsoft.WindowsAppSDK.InteractiveExperiences": "1.8.260708001"
        }
      },
      "System.Numerics.Tensors": {
        "type": "Transitive",
        "resolved": "9.0.0",
        "contentHash": "hyJB4UlpAi19Xr9AXzu2NuagKC4lPfHObNMEAA0HmqFz2rX7wKgzeYzO/jM/eBHDhnUGFFEjk5cOoJaxqg5J4A=="
      },
      "System.Windows.Extensions": {
        "type": "Transitive",
        "resolved": "8.0.0",
        "contentHash": "Obg3a90MkOw9mYKxrardLpY2u0axDMrSmy4JCdq2cYbelM2cUwmUir5Bomvd1yxmPL9h5LVHU1tuKBZpUjfASg=="
      }
    },
    "net8.0-windows10.0.26100/win-arm64": {
      "Microsoft.Web.WebView2": {
        "type": "Transitive",
        "resolved": "1.0.3179.45",
        "contentHash": "3pokSH5CnN0G6rGhGFo1y87inxYhNxBQ2Vdf0wlvBj99KHxQJormjDACmqRnFeUsmuNFIhWwfAL1ztq7wD5qRA=="
      },
      "Microsoft.WindowsAppSDK.Foundation": {
        "type": "Transitive",
        "resolved": "1.8.260803002",
        "contentHash": "V2Mhddgyljl6jULPGbJ/J/kn6Y4D98Nckpr3Y27uK/CfbSnjcGTC6M+3aMJkyjNwoekyGAwEIRdBEYJBUCRRfA==",
        "dependencies": {
          "Microsoft.WindowsAppSDK.Base": "1.8.251216001",
          "Microsoft.WindowsAppSDK.InteractiveExperiences": "1.8.260708001"
        }
      },
      "System.Windows.Extensions": {
        "type": "Transitive",
        "resolved": "8.0.0",
        "contentHash": "Obg3a90MkOw9mYKxrardLpY2u0axDMrSmy4JCdq2cYbelM2cUwmUir5Bomvd1yxmPL9h5LVHU1tuKBZpUjfASg=="
      }
    },
    "net8.0-windows10.0.26100/win-x64": {
      "Microsoft.Web.WebView2": {
        "type": "Transitive",
        "resolved": "1.0.3179.45",
        "contentHash": "3pokSH5CnN0G6rGhGFo1y87inxYhNxBQ2Vdf0wlvBj99KHxQJormjDACmqRnFeUsmuNFIhWwfAL1ztq7wD5qRA=="
      },
      "Microsoft.WindowsAppSDK.Foundation": {
        "type": "Transitive",
        "resolved": "1.8.260803002",
        "contentHash": "V2Mhddgyljl6jULPGbJ/J/kn6Y4D98Nckpr3Y27uK/CfbSnjcGTC6M+3aMJkyjNwoekyGAwEIRdBEYJBUCRRfA==",
        "dependencies": {
          "Microsoft.WindowsAppSDK.Base": "1.8.251216001",
          "Microsoft.WindowsAppSDK.InteractiveExperiences": "1.8.260708001"
        }
      },
      "System.Windows.Extensions": {
        "type": "Transitive",
        "resolved": "8.0.0",
        "contentHash": "Obg3a90MkOw9mYKxrardLpY2u0axDMrSmy4JCdq2cYbelM2cUwmUir5Bomvd1yxmPL9h5LVHU1tuKBZpUjfASg=="
      }
    }
  }
}